// !$*UTF8*$!
{
	archiveVersion = 1;
	classes = {
	};
	objectVersion = 56;
	objects = {

/* Begin PBXBuildFile section */
		799F46EF29C90BBF007B1CB2 /* AppDelegate.swift in Sources */ = {isa = PBXBuildFile; fileRef = 799F46EE29C90BBF007B1CB2 /* AppDelegate.swift */; };
		799F46F129C90BBF007B1CB2 /* SceneDelegate.swift in Sources */ = {isa = PBXBuildFile; fileRef = 799F46F029C90BBF007B1CB2 /* SceneDelegate.swift */; };
		799F46F329C90BBF007B1CB2 /* ViewController.swift in Sources */ = {isa = PBXBuildFile; fileRef = 799F46F229C90BBF007B1CB2 /* ViewController.swift */; };
		799F46F829C90BC0007B1CB2 /* Assets.xcassets in Resources */ = {isa = PBXBuildFile; fileRef = 799F46F729C90BC0007B1CB2 /* Assets.xcassets */; };
		799F46FB29C90BC0007B1CB2 /* LaunchScreen.storyboard in Resources */ = {isa = PBXBuildFile; fileRef = 799F46F929C90BC0007B1CB2 /* LaunchScreen.storyboard */; };
		799F470329C92DCE007B1CB2 /* UIKitExampleViewController.swift in Sources */ = {isa = PBXBuildFile; fileRef = 799F470229C92DCE007B1CB2 /* UIKitExampleViewController.swift */; };
		799F470529C932A7007B1CB2 /* UIKitExampleViewModel.swift in Sources */ = {isa = PBXBuildFile; fileRef = 799F470429C932A7007B1CB2 /* UIKitExampleViewModel.swift */; };
		799F470729C9372C007B1CB2 /* GenericTableViewCell.swift in Sources */ = {isa = PBXBuildFile; fileRef = 799F470629C9372C007B1CB2 /* GenericTableViewCell.swift */; };
		79A68D6C29CA15FF00F3E14C /* ViewModel.swift in Sources */ = {isa = PBXBuildFile; fileRef = 79A68D6B29CA15FF00F3E14C /* ViewModel.swift */; };
		79D2349229D292AC00ECC2EE /* SUIScreen.swift in Sources */ = {isa = PBXBuildFile; fileRef = 79D2349129D292AC00ECC2EE /* SUIScreen.swift */; };
		79D2349429D2930600ECC2EE /* SUIViewModel.swift in Sources */ = {isa = PBXBuildFile; fileRef = 79D2349329D2930600ECC2EE /* SUIViewModel.swift */; };
/* End PBXBuildFile section */

/* Begin PBXFileReference section */
		799F46EB29C90BBF007B1CB2 /* MVVM-Example-UIKit-SUI.app */ = {isa = PBXFileReference; explicitFileType = wrapper.application; includeInIndex = 0; path = "MVVM-Example-UIKit-SUI.app"; sourceTree = BUILT_PRODUCTS_DIR; };
		799F46EE29C90BBF007B1CB2 /* AppDelegate.swift */ = {isa = PBXFileReference; lastKnownFileType = sourcecode.swift; path = AppDelegate.swift; sourceTree = "<group>"; };
		799F46F029C90BBF007B1CB2 /* SceneDelegate.swift */ = {isa = PBXFileReference; lastKnownFileType = sourcecode.swift; path = SceneDelegate.swift; sourceTree = "<group>"; };
		799F46F229C90BBF007B1CB2 /* ViewController.swift */ = {isa = PBXFileReference; lastKnownFileType = sourcecode.swift; path = ViewController.swift; sourceTree = "<group>"; };
		799F46F729C90BC0007B1CB2 /* Assets.xcassets */ = {isa = PBXFileReference; lastKnownFileType = folder.assetcatalog; path = Assets.xcassets; sourceTree = "<group>"; };
		799F46FA29C90BC0007B1CB2 /* Base */ = {isa = PBXFileReference; lastKnownFileType = file.storyboard; name = Base; path = Base.lproj/LaunchScreen.storyboard; sourceTree = "<group>"; };
		799F46FC29C90BC0007B1CB2 /* Info.plist */ = {isa = PBXFileReference; lastKnownFileType = text.plist.xml; path = Info.plist; sourceTree = "<group>"; };
		799F470229C92DCE007B1CB2 /* UIKitExampleViewController.swift */ = {isa = PBXFileReference; lastKnownFileType = sourcecode.swift; path = UIKitExampleViewController.swift; sourceTree = "<group>"; };
		799F470429C932A7007B1CB2 /* UIKitExampleViewModel.swift */ = {isa = PBXFileReference; lastKnownFileType = sourcecode.swift; path = UIKitExampleViewModel.swift; sourceTree = "<group>"; };
		799F470629C9372C007B1CB2 /* GenericTableViewCell.swift */ = {isa = PBXFileReference; lastKnownFileType = sourcecode.swift; path = GenericTableViewCell.swift; sourceTree = "<group>"; };
		79A68D6B29CA15FF00F3E14C /* ViewModel.swift */ = {isa = PBXFileReference; lastKnownFileType = sourcecode.swift; path = ViewModel.swift; sourceTree = "<group>"; };
		79D2349129D292AC00ECC2EE /* SUIScreen.swift */ = {isa = PBXFileReference; lastKnownFileType = sourcecode.swift; path = SUIScreen.swift; sourceTree = "<group>"; };
		79D2349329D2930600ECC2EE /* SUIViewModel.swift */ = {isa = PBXFileReference; lastKnownFileType = sourcecode.swift; path = SUIViewModel.swift; sourceTree = "<group>"; };
/* End PBXFileReference section */

/* Begin PBXFrameworksBuildPhase section */
		799F46E829C90BBF007B1CB2 /* Frameworks */ = {
			isa = PBXFrameworksBuildPhase;
			buildActionMask = 2147483647;
			files = (
			);
			runOnlyForDeploymentPostprocessing = 0;
		};
/* End PBXFrameworksBuildPhase section */

/* Begin PBXGroup section */
		799F46E229C90BBF007B1CB2 = {
			isa = PBXGroup;
			children = (
				799F46ED29C90BBF007B1CB2 /* MVVM-Example-UIKit-SUI */,
				799F46EC29C90BBF007B1CB2 /* Products */,
			);
			sourceTree = "<group>";
		};
		799F46EC29C90BBF007B1CB2 /* Products */ = {
			isa = PBXGroup;
			children = (
				799F46EB29C90BBF007B1CB2 /* MVVM-Example-UIKit-SUI.app */,
			);
			name = Products;
			sourceTree = "<group>";
		};
		799F46ED29C90BBF007B1CB2 /* MVVM-Example-UIKit-SUI */ = {
			isa = PBXGroup;
			children = (
				799F46EE29C90BBF007B1CB2 /* AppDelegate.swift */,
				799F46F029C90BBF007B1CB2 /* SceneDelegate.swift */,
				799F46F229C90BBF007B1CB2 /* ViewController.swift */,
				79A68D6B29CA15FF00F3E14C /* ViewModel.swift */,
				79D2348F29D2922A00ECC2EE /* UIKit */,
				79D2349029D2924500ECC2EE /* SwiftUI */,
				799F46F729C90BC0007B1CB2 /* Assets.xcassets */,
				799F46F929C90BC0007B1CB2 /* LaunchScreen.storyboard */,
				799F46FC29C90BC0007B1CB2 /* Info.plist */,
			);
			path = "MVVM-Example-UIKit-SUI";
			sourceTree = "<group>";
		};
		79D2348F29D2922A00ECC2EE /* UIKit */ = {
			isa = PBXGroup;
			children = (
				799F470229C92DCE007B1CB2 /* UIKitExampleViewController.swift */,
				799F470429C932A7007B1CB2 /* UIKitExampleViewModel.swift */,
				799F470629C9372C007B1CB2 /* GenericTableViewCell.swift */,
			);
			path = UIKit;
			sourceTree = "<group>";
		};
		79D2349029D2924500ECC2EE /* SwiftUI */ = {
			isa = PBXGroup;
			children = (
				79D2349129D292AC00ECC2EE /* SUIScreen.swift */,
				79D2349329D2930600ECC2EE /* SUIViewModel.swift */,
			);
			path = SwiftUI;
			sourceTree = "<group>";
		};
/* End PBXGroup section */

/* Begin PBXNativeTarget section */
		799F46EA29C90BBF007B1CB2 /* MVVM-Example-UIKit-SUI */ = {
			isa = PBXNativeTarget;
			buildConfigurationList = 799F46FF29C90BC0007B1CB2 /* Build configuration list for PBXNativeTarget "MVVM-Example-UIKit-SUI" */;
			buildPhases = (
				799F46E729C90BBF007B1CB2 /* Sources */,
				799F46E829C90BBF007B1CB2 /* Frameworks */,
				799F46E929C90BBF007B1CB2 /* Resources */,
			);
			buildRules = (
			);
			dependencies = (
			);
			name = "MVVM-Example-UIKit-SUI";
			productName = "MVVM-Example-UIKit-SUI";
			productReference = 799F46EB29C90BBF007B1CB2 /* MVVM-Example-UIKit-SUI.app */;
			productType = "com.apple.product-type.application";
		};
/* End PBXNativeTarget section */

/* Begin PBXProject section */
		799F46E329C90BBF007B1CB2 /* Project object */ = {
			isa = PBXProject;
			attributes = {
				BuildIndependentTargetsInParallel = 1;
				LastSwiftUpdateCheck = 1400;
				LastUpgradeCheck = 1400;
				TargetAttributes = {
					799F46EA29C90BBF007B1CB2 = {
						CreatedOnToolsVersion = 14.0.1;
					};
				};
			};
			buildConfigurationList = 799F46E629C90BBF007B1CB2 /* Build configuration list for PBXProject "MVVM-Example-UIKit-SUI" */;
			compatibilityVersion = "Xcode 14.0";
			developmentRegion = en;
			hasScannedForEncodings = 0;
			knownRegions = (
				en,
				Base,
			);
			mainGroup = 799F46E229C90BBF007B1CB2;
			productRefGroup = 799F46EC29C90BBF007B1CB2 /* Products */;
			projectDirPath = "";
			projectRoot = "";
			targets = (
				799F46EA29C90BBF007B1CB2 /* MVVM-Example-UIKit-SUI */,
			);
		};
/* End PBXProject section */

/* Begin PBXResourcesBuildPhase section */
		799F46E929C90BBF007B1CB2 /* Resources */ = {
			isa = PBXResourcesBuildPhase;
			buildActionMask = 2147483647;
			files = (
				799F46FB29C90BC0007B1CB2 /* LaunchScreen.storyboard in Resources */,
				799F46F829C90BC0007B1CB2 /* Assets.xcassets in Resources */,
			);
			runOnlyForDeploymentPostprocessing = 0;
		};
/* End PBXResourcesBuildPhase section */

/* Begin PBXSourcesBuildPhase section */
		799F46E729C90BBF007B1CB2 /* Sources */ = {
			isa = PBXSourcesBuildPhase;
			buildActionMask = 2147483647;
			files = (
				79D2349429D2930600ECC2EE /* SUIViewModel.swift in Sources */,
				79D2349229D292AC00ECC2EE /* SUIScreen.swift in Sources */,
				799F470529C932A7007B1CB2 /* UIKitExampleViewModel.swift in Sources */,
				799F470329C92DCE007B1CB2 /* UIKitExampleViewController.swift in Sources */,
				799F46F329C90BBF007B1CB2 /* ViewController.swift in Sources */,
				799F470729C9372C007B1CB2 /* GenericTableViewCell.swift in Sources */,
				799F46EF29C90BBF007B1CB2 /* AppDelegate.swift in Sources */,
				799F46F129C90BBF007B1CB2 /* SceneDelegate.swift in Sources */,
				79A68D6C29CA15FF00F3E14C /* ViewModel.swift in Sources */,
			);
			runOnlyForDeploymentPostprocessing = 0;
		};
/* End PBXSourcesBuildPhase section */

/* Begin PBXVariantGroup section */
		799F46F929C90BC0007B1CB2 /* LaunchScreen.storyboard */ = {
			isa = PBXVariantGroup;
			children = (
				799F46FA29C90BC0007B1CB2 /* Base */,
			);
			name = LaunchScreen.storyboard;
			sourceTree = "<group>";
		};
/* End PBXVariantGroup section */

/* Begin XCBuildConfiguration section */
		799F46FD29C90BC0007B1CB2 /* Debug */ = {
			isa = XCBuildConfiguration;
			buildSettings = {
				ALWAYS_SEARCH_USER_PATHS = NO;
				CLANG_ANALYZER_NONNULL = YES;
				CLANG_ANALYZER_NUMBER_OBJECT_CONVERSION = YES_AGGRESSIVE;
				CLANG_CXX_LANGUAGE_STANDARD = "gnu++20";
				CLANG_ENABLE_MODULES = YES;
				CLANG_ENABLE_OBJC_ARC = YES;
				CLANG_ENABLE_OBJC_WEAK = YES;
				CLANG_WARN_BLOCK_CAPTURE_AUTORELEASING = YES;
				CLANG_WARN_BOOL_CONVERSION = YES;
				CLANG_WARN_COMMA = YES;
				CLANG_WARN_CONSTANT_CONVERSION = YES;
				CLANG_WARN_DEPRECATED_OBJC_IMPLEMENTATIONS = YES;
				CLANG_WARN_DIRECT_OBJC_ISA_USAGE = YES_ERROR;
				CLANG_WARN_DOCUMENTATION_COMMENTS = YES;
				CLANG_WARN_EMPTY_BODY = YES;
				CLANG_WARN_ENUM_CONVERSION = YES;
				CLANG_WARN_INFINITE_RECURSION = YES;
				CLANG_WARN_INT_CONVERSION = YES;
				CLANG_WARN_NON_LITERAL_NULL_CONVERSION = YES;
				CLANG_WARN_OBJC_IMPLICIT_RETAIN_SELF = YES;
				CLANG_WARN_OBJC_LITERAL_CONVERSION = YES;
				CLANG_WARN_OBJC_ROOT_CLASS = YES_ERROR;
				CLANG_WARN_QUOTED_INCLUDE_IN_FRAMEWORK_HEADER = YES;
				CLANG_WARN_RANGE_LOOP_ANALYSIS = YES;
				CLANG_WARN_STRICT_PROTOTYPES = YES;
				CLANG_WARN_SUSPICIOUS_MOVE = YES;
				CLANG_WARN_UNGUARDED_AVAILABILITY = YES_AGGRESSIVE;
				CLANG_WARN_UNREACHABLE_CODE = YES;
				CLANG_WARN__DUPLICATE_METHOD_MATCH = YES;
				COPY_PHASE_STRIP = NO;
				DEBUG_INFORMATION_FORMAT = dwarf;
				ENABLE_STRICT_OBJC_MSGSEND = YES;
				ENABLE_TESTABILITY = YES;
				GCC_C_LANGUAGE_STANDARD = gnu11;
				GCC_DYNAMIC_NO_PIC = NO;
				GCC_NO_COMMON_BLOCKS = YES;
				GCC_OPTIMIZATION_LEVEL = 0;
				GCC_PREPROCESSOR_DEFINITIONS = (
					"DEBUG=1",
					"$(inherited)",
				);
				GCC_WARN_64_TO_32_BIT_CONVERSION = YES;
				GCC_WARN_ABOUT_RETURN_TYPE = YES_ERROR;
				GCC_WARN_UNDECLARED_SELECTOR = YES;
				GCC_WARN_UNINITIALIZED_AUTOS = YES_AGGRESSIVE;
				GCC_WARN_UNUSED_FUNCTION = YES;
				GCC_WARN_UNUSED_VARIABLE = YES;
				IPHONEOS_DEPLOYMENT_TARGET = 14.0;
				MTL_ENABLE_DEBUG_INFO = INCLUDE_SOURCE;
				MTL_FAST_MATH = YES;
				ONLY_ACTIVE_ARCH = YES;
				SDKROOT = iphoneos;
				SWIFT_ACTIVE_COMPILATION_CONDITIONS = DEBUG;
				SWIFT_OPTIMIZATION_LEVEL = "-Onone";
			};
			name = Debug;
		};
		799F46FE29C90BC0007B1CB2 /* Release */ = {
			isa = XCBuildConfiguration;
			buildSettings = {
				ALWAYS_SEARCH_USER_PATHS = NO;
				CLANG_ANALYZER_NONNULL = YES;
				CLANG_ANALYZER_NUMBER_OBJECT_CONVERSION = YES_AGGRESSIVE;
				CLANG_CXX_LANGUAGE_STANDARD = "gnu++20";
				CLANG_ENABLE_MODULES = YES;
				CLANG_ENABLE_OBJC_ARC = YES;
				CLANG_ENABLE_OBJC_WEAK = YES;
				CLANG_WARN_BLOCK_CAPTURE_AUTORELEASING = YES;
				CLANG_WARN_BOOL_CONVERSION = YES;
				CLANG_WARN_COMMA = YES;
				CLANG_WARN_CONSTANT_CONVERSION = YES;
				CLANG_WARN_DEPRECATED_OBJC_IMPLEMENTATIONS = YES;
				CLANG_WARN_DIRECT_OBJC_ISA_USAGE = YES_ERROR;
				CLANG_WARN_DOCUMENTATION_COMMENTS = YES;
				CLANG_WARN_EMPTY_BODY = YES;
				CLANG_WARN_ENUM_CONVERSION = YES;
				CLANG_WARN_INFINITE_RECURSION = YES;
				CLANG_WARN_INT_CONVERSION = YES;
				CLANG_WARN_NON_LITERAL_NULL_CONVERSION = YES;
				CLANG_WARN_OBJC_IMPLICIT_RETAIN_SELF = YES;
				CLANG_WARN_OBJC_LITERAL_CONVERSION = YES;
				CLANG_WARN_OBJC_ROOT_CLASS = YES_ERROR;
				CLANG_WARN_QUOTED_INCLUDE_IN_FRAMEWORK_HEADER = YES;
				CLANG_WARN_RANGE_LOOP_ANALYSIS = YES;
				CLANG_WARN_STRICT_PROTOTYPES = YES;
				CLANG_WARN_SUSPICIOUS_MOVE = YES;
				CLANG_WARN_UNGUARDED_AVAILABILITY = YES_AGGRESSIVE;
				CLANG_WARN_UNREACHABLE_CODE = YES;
				CLANG_WARN__DUPLICATE_METHOD_MATCH = YES;
				COPY_PHASE_STRIP = NO;
				DEBUG_INFORMATION_FORMAT = "dwarf-with-dsym";
				ENABLE_NS_ASSERTIONS = NO;
				ENABLE_STRICT_OBJC_MSGSEND = YES;
				GCC_C_LANGUAGE_STANDARD = gnu11;
				GCC_NO_COMMON_BLOCKS = YES;
				GCC_WARN_64_TO_32_BIT_CONVERSION = YES;
				GCC_WARN_ABOUT_RETURN_TYPE = YES_ERROR;
				GCC_WARN_UNDECLARED_SELECTOR = YES;
				GCC_WARN_UNINITIALIZED_AUTOS = YES_AGGRESSIVE;
				GCC_WARN_UNUSED_FUNCTION = YES;
				GCC_WARN_UNUSED_VARIABLE = YES;
				IPHONEOS_DEPLOYMENT_TARGET = 14.0;
				MTL_ENABLE_DEBUG_INFO = NO;
				MTL_FAST_MATH = YES;
				SDKROOT = iphoneos;
				SWIFT_COMPILATION_MODE = wholemodule;
				SWIFT_OPTIMIZATION_LEVEL = "-O";
				VALIDATE_PRODUCT = YES;
			};
			name = Release;
		};
		799F470029C90BC0007B1CB2 /* Debug */ = {
			isa = XCBuildConfiguration;
			buildSettings = {
				ASSETCATALOG_COMPILER_APPICON_NAME = AppIcon;
				ASSETCATALOG_COMPILER_GLOBAL_ACCENT_COLOR_NAME = AccentColor;
				CODE_SIGN_STYLE = Automatic;
				CURRENT_PROJECT_VERSION = 1;
				GENERATE_INFOPLIST_FILE = YES;
				INFOPLIST_FILE = "MVVM-Example-UIKit-SUI/Info.plist";
				INFOPLIST_KEY_UIApplicationSupportsIndirectInputEvents = YES;
				INFOPLIST_KEY_UILaunchStoryboardName = LaunchScreen;
				INFOPLIST_KEY_UISupportedInterfaceOrientations_iPad = "UIInterfaceOrientationPortrait UIInterfaceOrientationPortraitUpsideDown UIInterfaceOrientationLandscapeLeft UIInterfaceOrientationLandscapeRight";
				INFOPLIST_KEY_UISupportedInterfaceOrientations_iPhone = "UIInterfaceOrientationPortrait UIInterfaceOrientationLandscapeLeft UIInterfaceOrientationLandscapeRight";
				LD_RUNPATH_SEARCH_PATHS = (
					"$(inherited)",
					"@executable_path/Frameworks",
				);
				MARKETING_VERSION = 1.0;
				PRODUCT_BUNDLE_IDENTIFIER = "com.PatrickPahl.MVVM-Example-UIKit-SUI";
				PRODUCT_NAME = "$(TARGET_NAME)";
				SWIFT_EMIT_LOC_STRINGS = YES;
				SWIFT_VERSION = 5.0;
				TARGETED_DEVICE_FAMILY = "1,2";
			};
			name = Debug;
		};
		799F470129C90BC0007B1CB2 /* Release */ = {
			isa = XCBuildConfiguration;
			buildSettings = {
				ASSETCATALOG_COMPILER_APPICON_NAME = AppIcon;
				ASSETCATALOG_COMPILER_GLOBAL_ACCENT_COLOR_NAME = AccentColor;
				CODE_SIGN_STYLE = Automatic;
				CURRENT_PROJECT_VERSION = 1;
				GENERATE_INFOPLIST_FILE = YES;
				INFOPLIST_FILE = "MVVM-Example-UIKit-SUI/Info.plist";
				INFOPLIST_KEY_UIApplicationSupportsIndirectInputEvents = YES;
				INFOPLIST_KEY_UILaunchStoryboardName = LaunchScreen;
				INFOPLIST_KEY_UISupportedInterfaceOrientations_iPad = "UIInterfaceOrientationPortrait UIInterfaceOrientationPortraitUpsideDown UIInterfaceOrientationLandscapeLeft UIInterfaceOrientationLandscapeRight";
				INFOPLIST_KEY_UISupportedInterfaceOrientations_iPhone = "UIInterfaceOrientationPortrait UIInterfaceOrientationLandscapeLeft UIInterfaceOrientationLandscapeRight";
				LD_RUNPATH_SEARCH_PATHS = (
					"$(inherited)",
					"@executable_path/Frameworks",
				);
				MARKETING_VERSION = 1.0;
				PRODUCT_BUNDLE_IDENTIFIER = "com.PatrickPahl.MVVM-Example-UIKit-SUI";
				PRODUCT_NAME = "$(TARGET_NAME)";
				SWIFT_EMIT_LOC_STRINGS = YES;
				SWIFT_VERSION = 5.0;
				TARGETED_DEVICE_FAMILY = "1,2";
			};
			name = Release;
		};
/* End XCBuildConfiguration section */

/* Begin XCConfigurationList section */
		799F46E629C90BBF007B1CB2 /* Build configuration list for PBXProject "MVVM-Example-UIKit-SUI" */ = {
			isa = XCConfigurationList;
			buildConfigurations = (
				799F46FD29C90BC0007B1CB2 /* Debug */,
				799F46FE29C90BC0007B1CB2 /* Release */,
			);
			defaultConfigurationIsVisible = 0;
			defaultConfigurationName = Release;
		};
		799F46FF29C90BC0007B1CB2 /* Build configuration list for PBXNativeTarget "MVVM-Example-UIKit-SUI" */ = {
			isa = XCConfigurationList;
			buildConfigurations = (
				799F470029C90BC0007B1CB2 /* Debug */,
				799F470129C90BC0007B1CB2 /* Release */,
			);
			defaultConfigurationIsVisible = 0;
			defaultConfigurationName = Release;
		};
/* End XCConfigurationList section */
	};
	rootObject = 799F46E329C90BBF007B1CB2 /* Project object */;
}
